
Microsoft Visual Studio Solution File, Format Version 12.00
# Visual Studio 2012
Project("{E24C65DC-7377-472B-9ABA-BC803B73C61A}") = "A5WebSite", "http://localhost:50281", "{2984338A-9FBC-492A-84B1-01CA909693C1}"
	ProjectSection(WebsiteProperties) = preProject
		UseIISExpress = "true"
		TargetFrameworkMoniker = ".NETFramework,Version%3Dv4.5"
		ProjectReferences = "{c45baf02-743c-4dc4-9867-36d2d5596a7e}|Assignment5Library.dll;"
		Debug.AspNetCompiler.VirtualPath = "/localhost_50281"
		Debug.AspNetCompiler.PhysicalPath = "..\..\WebSites\A5WebSite\"
		Debug.AspNetCompiler.TargetPath = "PrecompiledWeb\localhost_50281\"
		Debug.AspNetCompiler.Updateable = "true"
		Debug.AspNetCompiler.ForceOverwrite = "true"
		Debug.AspNetCompiler.FixedNames = "false"
		Debug.AspNetCompiler.Debug = "True"
		Release.AspNetCompiler.VirtualPath = "/localhost_50281"
		Release.AspNetCompiler.PhysicalPath = "..\..\WebSites\A5WebSite\"
		Release.AspNetCompiler.TargetPath = "PrecompiledWeb\localhost_50281\"
		Release.AspNetCompiler.Updateable = "true"
		Release.AspNetCompiler.ForceOverwrite = "true"
		Release.AspNetCompiler.FixedNames = "false"
		Release.AspNetCompiler.Debug = "False"
		SlnRelativePath = "..\..\WebSites\A5WebSite\"
		DefaultWebSiteLanguage = "Visual C#"
	EndProjectSection
EndProject
Project("{FAE04EC0-301F-11D3-BF4B-00C04F79EFBC}") = "Assignment5Library", "Assignment5Library\Assignment5Library.csproj", "{C45BAF02-743C-4DC4-9867-36D2D5596A7E}"
EndProject
Global
	GlobalSection(SolutionConfigurationPlatforms) = preSolution
		Debug|Any CPU = Debug|Any CPU
		Release|Any CPU = Release|Any CPU
	EndGlobalSection
	GlobalSection(ProjectConfigurationPlatforms) = postSolution
		{2984338A-9FBC-492A-84B1-01CA909693C1}.Debug|Any CPU.ActiveCfg = Debug|Any CPU
		{2984338A-9FBC-492A-84B1-01CA909693C1}.Debug|Any CPU.Build.0 = Debug|Any CPU
		{2984338A-9FBC-492A-84B1-01CA909693C1}.Release|Any CPU.ActiveCfg = Debug|Any CPU
		{2984338A-9FBC-492A-84B1-01CA909693C1}.Release|Any CPU.Build.0 = Debug|Any CPU
		{C45BAF02-743C-4DC4-9867-36D2D5596A7E}.Debug|Any CPU.ActiveCfg = Debug|Any CPU
		{C45BAF02-743C-4DC4-9867-36D2D5596A7E}.Debug|Any CPU.Build.0 = Debug|Any CPU
		{C45BAF02-743C-4DC4-9867-36D2D5596A7E}.Release|Any CPU.ActiveCfg = Release|Any CPU
		{C45BAF02-743C-4DC4-9867-36D2D5596A7E}.Release|Any CPU.Build.0 = Release|Any CPU
	EndGlobalSection
	GlobalSection(SolutionProperties) = preSolution
		HideSolutionNode = FALSE
	EndGlobalSection
EndGlobal
